// !$*UTF8*$!
{
	archiveVersion = 1;
	classes = {
	};
	objectVersion = 55;
	objects = {

/* Begin PBXBuildFile section */
		345C3BA32877C93800F3243C /* LandmarksApp.swift in Sources */ = {isa = PBXBuildFile; fileRef = 345C3BA22877C93800F3243C /* LandmarksApp.swift */; };
		345C3BA52877C93800F3243C /* ContentView.swift in Sources */ = {isa = PBXBuildFile; fileRef = 345C3BA42877C93800F3243C /* ContentView.swift */; };
		345C3BA72877C93A00F3243C /* Assets.xcassets in Resources */ = {isa = PBXBuildFile; fileRef = 345C3BA62877C93A00F3243C /* Assets.xcassets */; };
		345C3BAA2877C93A00F3243C /* Preview Assets.xcassets in Resources */ = {isa = PBXBuildFile; fileRef = 345C3BA92877C93A00F3243C /* Preview Assets.xcassets */; };
		345C3BB32877EDB300F3243C /* CircleImage.swift in Sources */ = {isa = PBXBuildFile; fileRef = 345C3BB22877EDB300F3243C /* CircleImage.swift */; };
		345C3BB52877F0BE00F3243C /* MapView.swift in Sources */ = {isa = PBXBuildFile; fileRef = 345C3BB42877F0BE00F3243C /* MapView.swift */; };
		34EE5DC0287BAB560062519F /* HexagonParameters.swift in Sources */ = {isa = PBXBuildFile; fileRef = 34EE5DBF287BAB560062519F /* HexagonParameters.swift */; };
		34EE5DC2287BAD450062519F /* BadgeBackground.swift in Sources */ = {isa = PBXBuildFile; fileRef = 34EE5DC1287BAD450062519F /* BadgeBackground.swift */; };
		34EE5DC4287BB3CF0062519F /* ModelData.swift in Sources */ = {isa = PBXBuildFile; fileRef = 34EE5DC3287BB3CF0062519F /* ModelData.swift */; };
		34EE5DC6287BB4270062519F /* Landmark.swift in Sources */ = {isa = PBXBuildFile; fileRef = 34EE5DC5287BB4270062519F /* Landmark.swift */; };
		34EE5DF1287BB55A0062519F /* BadgeSymbol.swift in Sources */ = {isa = PBXBuildFile; fileRef = 34EE5DF0287BB55A0062519F /* BadgeSymbol.swift */; };
		34EE5DF3287BB74C0062519F /* RotatedBadgeSymbol.swift in Sources */ = {isa = PBXBuildFile; fileRef = 34EE5DF2287BB74C0062519F /* RotatedBadgeSymbol.swift */; };
		34EE5DF5287BB7A00062519F /* Badge.swift in Sources */ = {isa = PBXBuildFile; fileRef = 34EE5DF4287BB7A00062519F /* Badge.swift */; };
		34EE5DF9287BB9F40062519F /* CategoryHome.swift in Sources */ = {isa = PBXBuildFile; fileRef = 34EE5DF8287BB9F40062519F /* CategoryHome.swift */; };
		34EE5E3C287BBAF40062519F /* hikeData.json in Resources */ = {isa = PBXBuildFile; fileRef = 34EE5E25287BBAF40062519F /* hikeData.json */; };
		34EE5E50287BBAF40062519F /* landmarkData.json in Resources */ = {isa = PBXBuildFile; fileRef = 34EE5E3A287BBAF40062519F /* landmarkData.json */; };
		34EE5E54287BBBF50062519F /* Hike.swift in Sources */ = {isa = PBXBuildFile; fileRef = 34EE5E53287BBBF50062519F /* Hike.swift */; };
		34EE5E56287BBD740062519F /* CategoryRow.swift in Sources */ = {isa = PBXBuildFile; fileRef = 34EE5E55287BBD740062519F /* CategoryRow.swift */; };
		34EE5E58287BBFAC0062519F /* CategoryItem.swift in Sources */ = {isa = PBXBuildFile; fileRef = 34EE5E57287BBFAC0062519F /* CategoryItem.swift */; };
		34EE5E5A287BC0A60062519F /* LandmarkList.swift in Sources */ = {isa = PBXBuildFile; fileRef = 34EE5E59287BC0A60062519F /* LandmarkList.swift */; };
		34EE5E5D287BC10A0062519F /* FavoriteButton.swift in Sources */ = {isa = PBXBuildFile; fileRef = 34EE5E5C287BC10A0062519F /* FavoriteButton.swift */; };
		34EE5E5F287BD16E0062519F /* LandmarkRow.swift in Sources */ = {isa = PBXBuildFile; fileRef = 34EE5E5E287BD16E0062519F /* LandmarkRow.swift */; };
		34EE5E61287BD1880062519F /* LandmarkDetail.swift in Sources */ = {isa = PBXBuildFile; fileRef = 34EE5E60287BD1880062519F /* LandmarkDetail.swift */; };
		34EE5E64287BD1BC0062519F /* HikeView.swift in Sources */ = {isa = PBXBuildFile; fileRef = 34EE5E63287BD1BC0062519F /* HikeView.swift */; };
		34EE5E66287BD1CB0062519F /* HikeDetail.swift in Sources */ = {isa = PBXBuildFile; fileRef = 34EE5E65287BD1CB0062519F /* HikeDetail.swift */; };
		34EE5E68287BD1E60062519F /* HikeGraph.swift in Sources */ = {isa = PBXBuildFile; fileRef = 34EE5E67287BD1E60062519F /* HikeGraph.swift */; };
		34EE5E6A287BD2090062519F /* GraphCapsule.swift in Sources */ = {isa = PBXBuildFile; fileRef = 34EE5E69287BD2090062519F /* GraphCapsule.swift */; };
		34EE5E6F287BD4670062519F /* Preview Assets.xcassets in Resources */ = {isa = PBXBuildFile; fileRef = 34EE5E6E287BD4670062519F /* Preview Assets.xcassets */; };
		34EE5E71287BD6150062519F /* PageViewController.swift in Sources */ = {isa = PBXBuildFile; fileRef = 34EE5E70287BD6150062519F /* PageViewController.swift */; };
		34EE5E77287BD8AC0062519F /* FeatureCard.swift in Sources */ = {isa = PBXBuildFile; fileRef = 34EE5E76287BD8AC0062519F /* FeatureCard.swift */; };
		34EE5E79287BD9480062519F /* PageView.swift in Sources */ = {isa = PBXBuildFile; fileRef = 34EE5E78287BD9480062519F /* PageView.swift */; };
		34EE5E7C287BD9E50062519F /* PageControl.swift in Sources */ = {isa = PBXBuildFile; fileRef = 34EE5E7B287BD9E50062519F /* PageControl.swift */; };
		34EE5E80287BDA680062519F /* Profile.swift in Sources */ = {isa = PBXBuildFile; fileRef = 34EE5E7F287BDA680062519F /* Profile.swift */; };
		34EE5E83287BDF400062519F /* ProfileHost.swift in Sources */ = {isa = PBXBuildFile; fileRef = 34EE5E82287BDF400062519F /* ProfileHost.swift */; };
		34EE5E85287BDF580062519F /* ProfileSummary.swift in Sources */ = {isa = PBXBuildFile; fileRef = 34EE5E84287BDF580062519F /* ProfileSummary.swift */; };
		34EE5E87287BDF760062519F /* ProfileEdior.swift in Sources */ = {isa = PBXBuildFile; fileRef = 34EE5E86287BDF760062519F /* ProfileEdior.swift */; };
		34EE5E89287BE03D0062519F /* HikeBadge.swift in Sources */ = {isa = PBXBuildFile; fileRef = 34EE5E88287BE03D0062519F /* HikeBadge.swift */; };
/* End PBXBuildFile section */

/* Begin PBXFileReference section */
		345C3B9F2877C93800F3243C /* Landmarks.app */ = {isa = PBXFileReference; explicitFileType = wrapper.application; includeInIndex = 0; path = Landmarks.app; sourceTree = BUILT_PRODUCTS_DIR; };
		345C3BA22877C93800F3243C /* LandmarksApp.swift */ = {isa = PBXFileReference; lastKnownFileType = sourcecode.swift; path = LandmarksApp.swift; sourceTree = "<group>"; };
		345C3BA42877C93800F3243C /* ContentView.swift */ = {isa = PBXFileReference; lastKnownFileType = sourcecode.swift; path = ContentView.swift; sourceTree = "<group>"; };
		345C3BA62877C93A00F3243C /* Assets.xcassets */ = {isa = PBXFileReference; lastKnownFileType = folder.assetcatalog; path = Assets.xcassets; sourceTree = "<group>"; };
		345C3BA92877C93A00F3243C /* Preview Assets.xcassets */ = {isa = PBXFileReference; lastKnownFileType = folder.assetcatalog; path = "Preview Assets.xcassets"; sourceTree = "<group>"; };
		345C3BB22877EDB300F3243C /* CircleImage.swift */ = {isa = PBXFileReference; lastKnownFileType = sourcecode.swift; path = CircleImage.swift; sourceTree = "<group>"; };
		345C3BB42877F0BE00F3243C /* MapView.swift */ = {isa = PBXFileReference; lastKnownFileType = sourcecode.swift; path = MapView.swift; sourceTree = "<group>"; };
		34EE5DBF287BAB560062519F /* HexagonParameters.swift */ = {isa = PBXFileReference; lastKnownFileType = sourcecode.swift; path = HexagonParameters.swift; sourceTree = "<group>"; };
		34EE5DC1287BAD450062519F /* BadgeBackground.swift */ = {isa = PBXFileReference; lastKnownFileType = sourcecode.swift; path = BadgeBackground.swift; sourceTree = "<group>"; };
		34EE5DC3287BB3CF0062519F /* ModelData.swift */ = {isa = PBXFileReference; lastKnownFileType = sourcecode.swift; path = ModelData.swift; sourceTree = "<group>"; };
		34EE5DC5287BB4270062519F /* Landmark.swift */ = {isa = PBXFileReference; lastKnownFileType = sourcecode.swift; path = Landmark.swift; sourceTree = "<group>"; };
		34EE5DF0287BB55A0062519F /* BadgeSymbol.swift */ = {isa = PBXFileReference; lastKnownFileType = sourcecode.swift; path = BadgeSymbol.swift; sourceTree = "<group>"; };
		34EE5DF2287BB74C0062519F /* RotatedBadgeSymbol.swift */ = {isa = PBXFileReference; lastKnownFileType = sourcecode.swift; path = RotatedBadgeSymbol.swift; sourceTree = "<group>"; };
		34EE5DF4287BB7A00062519F /* Badge.swift */ = {isa = PBXFileReference; lastKnownFileType = sourcecode.swift; path = Badge.swift; sourceTree = "<group>"; };
		34EE5DF8287BB9F40062519F /* CategoryHome.swift */ = {isa = PBXFileReference; lastKnownFileType = sourcecode.swift; path = CategoryHome.swift; sourceTree = "<group>"; };
		34EE5E25287BBAF40062519F /* hikeData.json */ = {isa = PBXFileReference; fileEncoding = 4; lastKnownFileType = text.json; path = hikeData.json; sourceTree = "<group>"; };
		34EE5E3A287BBAF40062519F /* landmarkData.json */ = {isa = PBXFileReference; fileEncoding = 4; lastKnownFileType = text.json; path = landmarkData.json; sourceTree = "<group>"; };
		34EE5E53287BBBF50062519F /* Hike.swift */ = {isa = PBXFileReference; lastKnownFileType = sourcecode.swift; path = Hike.swift; sourceTree = "<group>"; };
		34EE5E55287BBD740062519F /* CategoryRow.swift */ = {isa = PBXFileReference; lastKnownFileType = sourcecode.swift; path = CategoryRow.swift; sourceTree = "<group>"; };
		34EE5E57287BBFAC0062519F /* CategoryItem.swift */ = {isa = PBXFileReference; lastKnownFileType = sourcecode.swift; path = CategoryItem.swift; sourceTree = "<group>"; };
		34EE5E59287BC0A60062519F /* LandmarkList.swift */ = {isa = PBXFileReference; lastKnownFileType = sourcecode.swift; path = LandmarkList.swift; sourceTree = "<group>"; };
		34EE5E5C287BC10A0062519F /* FavoriteButton.swift */ = {isa = PBXFileReference; lastKnownFileType = sourcecode.swift; path = FavoriteButton.swift; sourceTree = "<group>"; };
		34EE5E5E287BD16E0062519F /* LandmarkRow.swift */ = {isa = PBXFileReference; lastKnownFileType = sourcecode.swift; path = LandmarkRow.swift; sourceTree = "<group>"; };
		34EE5E60287BD1880062519F /* LandmarkDetail.swift */ = {isa = PBXFileReference; lastKnownFileType = sourcecode.swift; path = LandmarkDetail.swift; sourceTree = "<group>"; };
		34EE5E63287BD1BC0062519F /* HikeView.swift */ = {isa = PBXFileReference; lastKnownFileType = sourcecode.swift; path = HikeView.swift; sourceTree = "<group>"; };
		34EE5E65287BD1CB0062519F /* HikeDetail.swift */ = {isa = PBXFileReference; lastKnownFileType = sourcecode.swift; path = HikeDetail.swift; sourceTree = "<group>"; };
		34EE5E67287BD1E60062519F /* HikeGraph.swift */ = {isa = PBXFileReference; lastKnownFileType = sourcecode.swift; path = HikeGraph.swift; sourceTree = "<group>"; };
		34EE5E69287BD2090062519F /* GraphCapsule.swift */ = {isa = PBXFileReference; lastKnownFileType = sourcecode.swift; path = GraphCapsule.swift; sourceTree = "<group>"; };
		34EE5E6E287BD4670062519F /* Preview Assets.xcassets */ = {isa = PBXFileReference; lastKnownFileType = folder.assetcatalog; path = "Preview Assets.xcassets"; sourceTree = "<group>"; };
		34EE5E70287BD6150062519F /* PageViewController.swift */ = {isa = PBXFileReference; lastKnownFileType = sourcecode.swift; path = PageViewController.swift; sourceTree = "<group>"; };
		34EE5E76287BD8AC0062519F /* FeatureCard.swift */ = {isa = PBXFileReference; lastKnownFileType = sourcecode.swift; path = FeatureCard.swift; sourceTree = "<group>"; };
		34EE5E78287BD9480062519F /* PageView.swift */ = {isa = PBXFileReference; lastKnownFileType = sourcecode.swift; path = PageView.swift; sourceTree = "<group>"; };
		34EE5E7B287BD9E50062519F /* PageControl.swift */ = {isa = PBXFileReference; lastKnownFileType = sourcecode.swift; path = PageControl.swift; sourceTree = "<group>"; };
		34EE5E7F287BDA680062519F /* Profile.swift */ = {isa = PBXFileReference; lastKnownFileType = sourcecode.swift; path = Profile.swift; sourceTree = "<group>"; };
		34EE5E82287BDF400062519F /* ProfileHost.swift */ = {isa = PBXFileReference; lastKnownFileType = sourcecode.swift; path = ProfileHost.swift; sourceTree = "<group>"; };
		34EE5E84287BDF580062519F /* ProfileSummary.swift */ = {isa = PBXFileReference; lastKnownFileType = sourcecode.swift; path = ProfileSummary.swift; sourceTree = "<group>"; };
		34EE5E86287BDF760062519F /* ProfileEdior.swift */ = {isa = PBXFileReference; lastKnownFileType = sourcecode.swift; path = ProfileEdior.swift; sourceTree = "<group>"; };
		34EE5E88287BE03D0062519F /* HikeBadge.swift */ = {isa = PBXFileReference; lastKnownFileType = sourcecode.swift; path = HikeBadge.swift; sourceTree = "<group>"; };
/* End PBXFileReference section */

/* Begin PBXFrameworksBuildPhase section */
		345C3B9C2877C93800F3243C /* Frameworks */ = {
			isa = PBXFrameworksBuildPhase;
			buildActionMask = 2147483647;
			files = (
			);
			runOnlyForDeploymentPostprocessing = 0;
		};
/* End PBXFrameworksBuildPhase section */

/* Begin PBXGroup section */
		345C3B962877C93800F3243C = {
			isa = PBXGroup;
			children = (
				34EE5E6C287BD3C90062519F /* Landmarks */,
				345C3BA02877C93800F3243C /* Products */,
			);
			sourceTree = "<group>";
		};
		345C3BA02877C93800F3243C /* Products */ = {
			isa = PBXGroup;
			children = (
				345C3B9F2877C93800F3243C /* Landmarks.app */,
			);
			name = Products;
			sourceTree = "<group>";
		};
		345C3BA12877C93800F3243C /* Landmarks */ = {
			isa = PBXGroup;
			children = (
				34EE5E59287BC0A60062519F /* LandmarkList.swift */,
				34EE5E5E287BD16E0062519F /* LandmarkRow.swift */,
				34EE5E60287BD1880062519F /* LandmarkDetail.swift */,
				345C3BA82877C93A00F3243C /* Preview Content */,
			);
			path = Landmarks;
			sourceTree = "<group>";
		};
		345C3BA82877C93A00F3243C /* Preview Content */ = {
			isa = PBXGroup;
			children = (
				345C3BA92877C93A00F3243C /* Preview Assets.xcassets */,
			);
			path = "Preview Content";
			sourceTree = "<group>";
		};
		34EE5DF6287BB9030062519F /* Badges */ = {
			isa = PBXGroup;
			children = (
				34EE5DF0287BB55A0062519F /* BadgeSymbol.swift */,
				34EE5DC1287BAD450062519F /* BadgeBackground.swift */,
				34EE5DF4287BB7A00062519F /* Badge.swift */,
				34EE5DBF287BAB560062519F /* HexagonParameters.swift */,
				34EE5DF2287BB74C0062519F /* RotatedBadgeSymbol.swift */,
			);
			path = Badges;
			sourceTree = "<group>";
		};
		34EE5DF7287BB9AE0062519F /* Categories */ = {
			isa = PBXGroup;
			children = (
				34EE5DF8287BB9F40062519F /* CategoryHome.swift */,
				34EE5E55287BBD740062519F /* CategoryRow.swift */,
				34EE5E57287BBFAC0062519F /* CategoryItem.swift */,
			);
			path = Categories;
			sourceTree = "<group>";
		};
		34EE5E24287BBAF40062519F /* Resources */ = {
			isa = PBXGroup;
			children = (
				34EE5E25287BBAF40062519F /* hikeData.json */,
				34EE5E3A287BBAF40062519F /* landmarkData.json */,
			);
			path = Resources;
			sourceTree = "<group>";
		};
		34EE5E52287BBB2C0062519F /* Model */ = {
			isa = PBXGroup;
			children = (
				34EE5DC3287BB3CF0062519F /* ModelData.swift */,
				34EE5E7F287BDA680062519F /* Profile.swift */,
				34EE5E53287BBBF50062519F /* Hike.swift */,
				34EE5DC5287BB4270062519F /* Landmark.swift */,
			);
			path = Model;
			sourceTree = "<group>";
		};
		34EE5E5B287BC0E10062519F /* Helpers */ = {
			isa = PBXGroup;
			children = (
				345C3BB42877F0BE00F3243C /* MapView.swift */,
				345C3BB22877EDB300F3243C /* CircleImage.swift */,
				34EE5E5C287BC10A0062519F /* FavoriteButton.swift */,
			);
			path = Helpers;
			sourceTree = "<group>";
		};
		34EE5E62287BD1A90062519F /* Hikes */ = {
			isa = PBXGroup;
			children = (
				34EE5E63287BD1BC0062519F /* HikeView.swift */,
				34EE5E65287BD1CB0062519F /* HikeDetail.swift */,
				34EE5E67287BD1E60062519F /* HikeGraph.swift */,
				34EE5E69287BD2090062519F /* GraphCapsule.swift */,
			);
			path = Hikes;
			sourceTree = "<group>";
		};
		34EE5E6B287BD2610062519F /* Views */ = {
			isa = PBXGroup;
			children = (
				34EE5E81287BDF220062519F /* Profiles */,
				34EE5E7A287BD9C50062519F /* PageView */,
				345C3BA42877C93800F3243C /* ContentView.swift */,
				34EE5DF7287BB9AE0062519F /* Categories */,
				345C3BA12877C93800F3243C /* Landmarks */,
				34EE5DF6287BB9030062519F /* Badges */,
				34EE5E5B287BC0E10062519F /* Helpers */,
				34EE5E62287BD1A90062519F /* Hikes */,
			);
			path = Views;
			sourceTree = "<group>";
		};
		34EE5E6C287BD3C90062519F /* Landmarks */ = {
			isa = PBXGroup;
			children = (
				345C3BA62877C93A00F3243C /* Assets.xcassets */,
				345C3BA22877C93800F3243C /* LandmarksApp.swift */,
				34EE5E6D287BD4670062519F /* Preview Content */,
				34EE5E24287BBAF40062519F /* Resources */,
				34EE5E52287BBB2C0062519F /* Model */,
				34EE5E6B287BD2610062519F /* Views */,
			);
			path = Landmarks;
			sourceTree = "<group>";
		};
		34EE5E6D287BD4670062519F /* Preview Content */ = {
			isa = PBXGroup;
			children = (
				34EE5E6E287BD4670062519F /* Preview Assets.xcassets */,
			);
			path = "Preview Content";
			sourceTree = "<group>";
		};
		34EE5E7A287BD9C50062519F /* PageView */ = {
			isa = PBXGroup;
			children = (
				34EE5E76287BD8AC0062519F /* FeatureCard.swift */,
				34EE5E78287BD9480062519F /* PageView.swift */,
				34EE5E70287BD6150062519F /* PageViewController.swift */,
				34EE5E7B287BD9E50062519F /* PageControl.swift */,
			);
			path = PageView;
			sourceTree = "<group>";
		};
		34EE5E81287BDF220062519F /* Profiles */ = {
			isa = PBXGroup;
			children = (
				34EE5E82287BDF400062519F /* ProfileHost.swift */,
				34EE5E84287BDF580062519F /* ProfileSummary.swift */,
				34EE5E88287BE03D0062519F /* HikeBadge.swift */,
				34EE5E86287BDF760062519F /* ProfileEdior.swift */,
			);
			path = Profiles;
			sourceTree = "<group>";
		};
/* End PBXGroup section */

/* Begin PBXNativeTarget section */
		345C3B9E2877C93800F3243C /* Landmarks */ = {
			isa = PBXNativeTarget;
			buildConfigurationList = 345C3BAD2877C93A00F3243C /* Build configuration list for PBXNativeTarget "Landmarks" */;
			buildPhases = (
				345C3B9B2877C93800F3243C /* Sources */,
				345C3B9C2877C93800F3243C /* Frameworks */,
				345C3B9D2877C93800F3243C /* Resources */,
			);
			buildRules = (
			);
			dependencies = (
			);
			name = Landmarks;
			productName = Landmarks;
			productReference = 345C3B9F2877C93800F3243C /* Landmarks.app */;
			productType = "com.apple.product-type.application";
		};
/* End PBXNativeTarget section */

/* Begin PBXProject section */
		345C3B972877C93800F3243C /* Project object */ = {
			isa = PBXProject;
			attributes = {
				BuildIndependentTargetsInParallel = 1;
				LastSwiftUpdateCheck = 1340;
				LastUpgradeCheck = 1340;
				TargetAttributes = {
					345C3B9E2877C93800F3243C = {
						CreatedOnToolsVersion = 13.4.1;
					};
				};
			};
			buildConfigurationList = 345C3B9A2877C93800F3243C /* Build configuration list for PBXProject "Landmarks" */;
			compatibilityVersion = "Xcode 13.0";
			developmentRegion = en;
			hasScannedForEncodings = 0;
			knownRegions = (
				en,
				Base,
			);
			mainGroup = 345C3B962877C93800F3243C;
			productRefGroup = 345C3BA02877C93800F3243C /* Products */;
			projectDirPath = "";
			projectRoot = "";
			targets = (
				345C3B9E2877C93800F3243C /* Landmarks */,
			);
		};
/* End PBXProject section */

/* Begin PBXResourcesBuildPhase section */
		345C3B9D2877C93800F3243C /* Resources */ = {
			isa = PBXResourcesBuildPhase;
			buildActionMask = 2147483647;
			files = (
				345C3BAA2877C93A00F3243C /* Preview Assets.xcassets in Resources */,
				34EE5E6F287BD4670062519F /* Preview Assets.xcassets in Resources */,
				34EE5E3C287BBAF40062519F /* hikeData.json in Resources */,
				345C3BA72877C93A00F3243C /* Assets.xcassets in Resources */,
				34EE5E50287BBAF40062519F /* landmarkData.json in Resources */,
			);
			runOnlyForDeploymentPostprocessing = 0;
		};
/* End PBXResourcesBuildPhase section */

/* Begin PBXSourcesBuildPhase section */
		345C3B9B2877C93800F3243C /* Sources */ = {
			isa = PBXSourcesBuildPhase;
			buildActionMask = 2147483647;
			files = (
				34EE5E87287BDF760062519F /* ProfileEdior.swift in Sources */,
				34EE5DC0287BAB560062519F /* HexagonParameters.swift in Sources */,
				34EE5DF9287BB9F40062519F /* CategoryHome.swift in Sources */,
				34EE5E85287BDF580062519F /* ProfileSummary.swift in Sources */,
				34EE5E83287BDF400062519F /* ProfileHost.swift in Sources */,
				34EE5E7C287BD9E50062519F /* PageControl.swift in Sources */,
				34EE5DC2287BAD450062519F /* BadgeBackground.swift in Sources */,
				34EE5E5A287BC0A60062519F /* LandmarkList.swift in Sources */,
				34EE5DF5287BB7A00062519F /* Badge.swift in Sources */,
				34EE5E56287BBD740062519F /* CategoryRow.swift in Sources */,
				34EE5E6A287BD2090062519F /* GraphCapsule.swift in Sources */,
				34EE5E61287BD1880062519F /* LandmarkDetail.swift in Sources */,
				34EE5E54287BBBF50062519F /* Hike.swift in Sources */,
				34EE5DF1287BB55A0062519F /* BadgeSymbol.swift in Sources */,
				34EE5E5F287BD16E0062519F /* LandmarkRow.swift in Sources */,
				34EE5DF3287BB74C0062519F /* RotatedBadgeSymbol.swift in Sources */,
				34EE5E66287BD1CB0062519F /* HikeDetail.swift in Sources */,
				345C3BA52877C93800F3243C /* ContentView.swift in Sources */,
				34EE5DC6287BB4270062519F /* Landmark.swift in Sources */,
				34EE5E71287BD6150062519F /* PageViewController.swift in Sources */,
				34EE5E80287BDA680062519F /* Profile.swift in Sources */,
				34EE5E64287BD1BC0062519F /* HikeView.swift in Sources */,
				34EE5E79287BD9480062519F /* PageView.swift in Sources */,
				345C3BB52877F0BE00F3243C /* MapView.swift in Sources */,
				345C3BA32877C93800F3243C /* LandmarksApp.swift in Sources */,
				34EE5E77287BD8AC0062519F /* FeatureCard.swift in Sources */,
				34EE5E68287BD1E60062519F /* HikeGraph.swift in Sources */,
				34EE5E5D287BC10A0062519F /* FavoriteButton.swift in Sources */,
				345C3BB32877EDB300F3243C /* CircleImage.swift in Sources */,
				34EE5E58287BBFAC0062519F /* CategoryItem.swift in Sources */,
				34EE5E89287BE03D0062519F /* HikeBadge.swift in Sources */,
				34EE5DC4287BB3CF0062519F /* ModelData.swift in Sources */,
			);
			runOnlyForDeploymentPostprocessing = 0;
		};
/* End PBXSourcesBuildPhase section */

/* Begin XCBuildConfiguration section */
		345C3BAB2877C93A00F3243C /* Debug */ = {
			isa = XCBuildConfiguration;
			buildSettings = {
				ALWAYS_SEARCH_USER_PATHS = NO;
				CLANG_ANALYZER_NONNULL = YES;
				CLANG_ANALYZER_NUMBER_OBJECT_CONVERSION = YES_AGGRESSIVE;
				CLANG_CXX_LANGUAGE_STANDARD = "gnu++17";
				CLANG_ENABLE_MODULES = YES;
				CLANG_ENABLE_OBJC_ARC = YES;
				CLANG_ENABLE_OBJC_WEAK = YES;
				CLANG_WARN_BLOCK_CAPTURE_AUTORELEASING = YES;
				CLANG_WARN_BOOL_CONVERSION = YES;
				CLANG_WARN_COMMA = YES;
				CLANG_WARN_CONSTANT_CONVERSION = YES;
				CLANG_WARN_DEPRECATED_OBJC_IMPLEMENTATIONS = YES;
				CLANG_WARN_DIRECT_OBJC_ISA_USAGE = YES_ERROR;
				CLANG_WARN_DOCUMENTATION_COMMENTS = YES;
				CLANG_WARN_EMPTY_BODY = YES;
				CLANG_WARN_ENUM_CONVERSION = YES;
				CLANG_WARN_INFINITE_RECURSION = YES;
				CLANG_WARN_INT_CONVERSION = YES;
				CLANG_WARN_NON_LITERAL_NULL_CONVERSION = YES;
				CLANG_WARN_OBJC_IMPLICIT_RETAIN_SELF = YES;
				CLANG_WARN_OBJC_LITERAL_CONVERSION = YES;
				CLANG_WARN_OBJC_ROOT_CLASS = YES_ERROR;
				CLANG_WARN_QUOTED_INCLUDE_IN_FRAMEWORK_HEADER = YES;
				CLANG_WARN_RANGE_LOOP_ANALYSIS = YES;
				CLANG_WARN_STRICT_PROTOTYPES = YES;
				CLANG_WARN_SUSPICIOUS_MOVE = YES;
				CLANG_WARN_UNGUARDED_AVAILABILITY = YES_AGGRESSIVE;
				CLANG_WARN_UNREACHABLE_CODE = YES;
				CLANG_WARN__DUPLICATE_METHOD_MATCH = YES;
				COPY_PHASE_STRIP = NO;
				DEBUG_INFORMATION_FORMAT = dwarf;
				ENABLE_STRICT_OBJC_MSGSEND = YES;
				ENABLE_TESTABILITY = YES;
				GCC_C_LANGUAGE_STANDARD = gnu11;
				GCC_DYNAMIC_NO_PIC = NO;
				GCC_NO_COMMON_BLOCKS = YES;
				GCC_OPTIMIZATION_LEVEL = 0;
				GCC_PREPROCESSOR_DEFINITIONS = (
					"DEBUG=1",
					"$(inherited)",
				);
				GCC_WARN_64_TO_32_BIT_CONVERSION = YES;
				GCC_WARN_ABOUT_RETURN_TYPE = YES_ERROR;
				GCC_WARN_UNDECLARED_SELECTOR = YES;
				GCC_WARN_UNINITIALIZED_AUTOS = YES_AGGRESSIVE;
				GCC_WARN_UNUSED_FUNCTION = YES;
				GCC_WARN_UNUSED_VARIABLE = YES;
				IPHONEOS_DEPLOYMENT_TARGET = 15.5;
				MTL_ENABLE_DEBUG_INFO = INCLUDE_SOURCE;
				MTL_FAST_MATH = YES;
				ONLY_ACTIVE_ARCH = YES;
				SDKROOT = iphoneos;
				SWIFT_ACTIVE_COMPILATION_CONDITIONS = DEBUG;
				SWIFT_OPTIMIZATION_LEVEL = "-Onone";
			};
			name = Debug;
		};
		345C3BAC2877C93A00F3243C /* Release */ = {
			isa = XCBuildConfiguration;
			buildSettings = {
				ALWAYS_SEARCH_USER_PATHS = NO;
				CLANG_ANALYZER_NONNULL = YES;
				CLANG_ANALYZER_NUMBER_OBJECT_CONVERSION = YES_AGGRESSIVE;
				CLANG_CXX_LANGUAGE_STANDARD = "gnu++17";
				CLANG_ENABLE_MODULES = YES;
				CLANG_ENABLE_OBJC_ARC = YES;
				CLANG_ENABLE_OBJC_WEAK = YES;
				CLANG_WARN_BLOCK_CAPTURE_AUTORELEASING = YES;
				CLANG_WARN_BOOL_CONVERSION = YES;
				CLANG_WARN_COMMA = YES;
				CLANG_WARN_CONSTANT_CONVERSION = YES;
				CLANG_WARN_DEPRECATED_OBJC_IMPLEMENTATIONS = YES;
				CLANG_WARN_DIRECT_OBJC_ISA_USAGE = YES_ERROR;
				CLANG_WARN_DOCUMENTATION_COMMENTS = YES;
				CLANG_WARN_EMPTY_BODY = YES;
				CLANG_WARN_ENUM_CONVERSION = YES;
				CLANG_WARN_INFINITE_RECURSION = YES;
				CLANG_WARN_INT_CONVERSION = YES;
				CLANG_WARN_NON_LITERAL_NULL_CONVERSION = YES;
				CLANG_WARN_OBJC_IMPLICIT_RETAIN_SELF = YES;
				CLANG_WARN_OBJC_LITERAL_CONVERSION = YES;
				CLANG_WARN_OBJC_ROOT_CLASS = YES_ERROR;
				CLANG_WARN_QUOTED_INCLUDE_IN_FRAMEWORK_HEADER = YES;
				CLANG_WARN_RANGE_LOOP_ANALYSIS = YES;
				CLANG_WARN_STRICT_PROTOTYPES = YES;
				CLANG_WARN_SUSPICIOUS_MOVE = YES;
				CLANG_WARN_UNGUARDED_AVAILABILITY = YES_AGGRESSIVE;
				CLANG_WARN_UNREACHABLE_CODE = YES;
				CLANG_WARN__DUPLICATE_METHOD_MATCH = YES;
				COPY_PHASE_STRIP = NO;
				DEBUG_INFORMATION_FORMAT = "dwarf-with-dsym";
				ENABLE_NS_ASSERTIONS = NO;
				ENABLE_STRICT_OBJC_MSGSEND = YES;
				GCC_C_LANGUAGE_STANDARD = gnu11;
				GCC_NO_COMMON_BLOCKS = YES;
				GCC_WARN_64_TO_32_BIT_CONVERSION = YES;
				GCC_WARN_ABOUT_RETURN_TYPE = YES_ERROR;
				GCC_WARN_UNDECLARED_SELECTOR = YES;
				GCC_WARN_UNINITIALIZED_AUTOS = YES_AGGRESSIVE;
				GCC_WARN_UNUSED_FUNCTION = YES;
				GCC_WARN_UNUSED_VARIABLE = YES;
				IPHONEOS_DEPLOYMENT_TARGET = 15.5;
				MTL_ENABLE_DEBUG_INFO = NO;
				MTL_FAST_MATH = YES;
				SDKROOT = iphoneos;
				SWIFT_COMPILATION_MODE = wholemodule;
				SWIFT_OPTIMIZATION_LEVEL = "-O";
				VALIDATE_PRODUCT = YES;
			};
			name = Release;
		};
		345C3BAE2877C93A00F3243C /* Debug */ = {
			isa = XCBuildConfiguration;
			buildSettings = {
				ASSETCATALOG_COMPILER_APPICON_NAME = AppIcon;
				ASSETCATALOG_COMPILER_GLOBAL_ACCENT_COLOR_NAME = AccentColor;
				CODE_SIGN_STYLE = Automatic;
				CURRENT_PROJECT_VERSION = 1;
				DEVELOPMENT_ASSET_PATHS = "\"Landmarks/Preview Content\"";
				DEVELOPMENT_TEAM = 68T8SN3X69;
				ENABLE_PREVIEWS = YES;
				GENERATE_INFOPLIST_FILE = YES;
				INFOPLIST_KEY_UIApplicationSceneManifest_Generation = YES;
				INFOPLIST_KEY_UIApplicationSupportsIndirectInputEvents = YES;
				INFOPLIST_KEY_UILaunchScreen_Generation = YES;
				INFOPLIST_KEY_UISupportedInterfaceOrientations_iPad = "UIInterfaceOrientationPortrait UIInterfaceOrientationPortraitUpsideDown UIInterfaceOrientationLandscapeLeft UIInterfaceOrientationLandscapeRight";
				INFOPLIST_KEY_UISupportedInterfaceOrientations_iPhone = "UIInterfaceOrientationPortrait UIInterfaceOrientationLandscapeLeft UIInterfaceOrientationLandscapeRight";
				LD_RUNPATH_SEARCH_PATHS = (
					"$(inherited)",
					"@executable_path/Frameworks",
				);
				MARKETING_VERSION = 1.0;
				PRODUCT_BUNDLE_IDENTIFIER = com.hongzzi.Landmarks;
				PRODUCT_NAME = Landmarks;
				SWIFT_EMIT_LOC_STRINGS = YES;
				SWIFT_VERSION = 5.0;
				TARGETED_DEVICE_FAMILY = "1,2";
			};
			name = Debug;
		};
		345C3BAF2877C93A00F3243C /* Release */ = {
			isa = XCBuildConfiguration;
			buildSettings = {
				ASSETCATALOG_COMPILER_APPICON_NAME = AppIcon;
				ASSETCATALOG_COMPILER_GLOBAL_ACCENT_COLOR_NAME = AccentColor;
				CODE_SIGN_STYLE = Automatic;
				CURRENT_PROJECT_VERSION = 1;
				DEVELOPMENT_ASSET_PATHS = "\"Landmarks/Preview Content\"";
				DEVELOPMENT_TEAM = 68T8SN3X69;
				ENABLE_PREVIEWS = YES;
				GENERATE_INFOPLIST_FILE = YES;
				INFOPLIST_KEY_UIApplicationSceneManifest_Generation = YES;
				INFOPLIST_KEY_UIApplicationSupportsIndirectInputEvents = YES;
				INFOPLIST_KEY_UILaunchScreen_Generation = YES;
				INFOPLIST_KEY_UISupportedInterfaceOrientations_iPad = "UIInterfaceOrientationPortrait UIInterfaceOrientationPortraitUpsideDown UIInterfaceOrientationLandscapeLeft UIInterfaceOrientationLandscapeRight";
				INFOPLIST_KEY_UISupportedInterfaceOrientations_iPhone = "UIInterfaceOrientationPortrait UIInterfaceOrientationLandscapeLeft UIInterfaceOrientationLandscapeRight";
				LD_RUNPATH_SEARCH_PATHS = (
					"$(inherited)",
					"@executable_path/Frameworks",
				);
				MARKETING_VERSION = 1.0;
				PRODUCT_BUNDLE_IDENTIFIER = com.hongzzi.Landmarks;
				PRODUCT_NAME = Landmarks;
				SWIFT_EMIT_LOC_STRINGS = YES;
				SWIFT_VERSION = 5.0;
				TARGETED_DEVICE_FAMILY = "1,2";
			};
			name = Release;
		};
/* End XCBuildConfiguration section */

/* Begin XCConfigurationList section */
		345C3B9A2877C93800F3243C /* Build configuration list for PBXProject "Landmarks" */ = {
			isa = XCConfigurationList;
			buildConfigurations = (
				345C3BAB2877C93A00F3243C /* Debug */,
				345C3BAC2877C93A00F3243C /* Release */,
			);
			defaultConfigurationIsVisible = 0;
			defaultConfigurationName = Release;
		};
		345C3BAD2877C93A00F3243C /* Build configuration list for PBXNativeTarget "Landmarks" */ = {
			isa = XCConfigurationList;
			buildConfigurations = (
				345C3BAE2877C93A00F3243C /* Debug */,
				345C3BAF2877C93A00F3243C /* Release */,
			);
			defaultConfigurationIsVisible = 0;
			defaultConfigurationName = Release;
		};
/* End XCConfigurationList section */
	};
	rootObject = 345C3B972877C93800F3243C /* Project object */;
}
